
Microsoft Visual Studio Solution File, Format Version 12.00
# Visual Studio Version 16
VisualStudioVersion = 16.0.29806.167
MinimumVisualStudioVersion = 10.0.40219.1
Project("{FAE04EC0-301F-11D3-BF4B-00C04F79EFBC}") = "XamarinApi1", "XamarinApi1\XamarinApi1.csproj", "{43C3BD87-342C-4ADA-A172-9FE630A8BE26}"
EndProject
Global
	GlobalSection(SolutionConfigurationPlatforms) = preSolution
		Debug|Any CPU = Debug|Any CPU
		Release|Any CPU = Release|Any CPU
	EndGlobalSection
	GlobalSection(ProjectConfigurationPlatforms) = postSolution
		{43C3BD87-342C-4ADA-A172-9FE630A8BE26}.Debug|Any CPU.ActiveCfg = Debug|Any CPU
		{43C3BD87-342C-4ADA-A172-9FE630A8BE26}.Debug|Any CPU.Build.0 = Debug|Any CPU
		{43C3BD87-342C-4ADA-A172-9FE630A8BE26}.Release|Any CPU.ActiveCfg = Release|Any CPU
		{43C3BD87-342C-4ADA-A172-9FE630A8BE26}.Release|Any CPU.Build.0 = Release|Any CPU
	EndGlobalSection
	GlobalSection(SolutionProperties) = preSolution
		HideSolutionNode = FALSE
	EndGlobalSection
	GlobalSection(ExtensibilityGlobals) = postSolution
		SolutionGuid = {AE6404FC-B6E3-4468-AA91-FAAB24962927}
	EndGlobalSection
EndGlobal
